
Microsoft Visual Studio Solution File, Format Version 12.00
# Visual Studio Version 16
VisualStudioVersion = 16.0.31025.194
MinimumVisualStudioVersion = 10.0.40219.1
Project("{FAE04EC0-301F-11D3-BF4B-00C04F79EFBC}") = "MyChatAsync", "MyChatAsync\MyChatAsync.csproj", "{E459C267-CF70-4453-B41D-625BF5AFCE3F}"
EndProject
Project("{FAE04EC0-301F-11D3-BF4B-00C04F79EFBC}") = "MyChatSocketAsync", "MyChatSocketAsync\MyChatSocketAsync.csproj", "{7FE43139-6733-453A-92CE-3AE849D7DC18}"
EndProject
Global
	GlobalSection(SolutionConfigurationPlatforms) = preSolution
		Debug|Any CPU = Debug|Any CPU
		Release|Any CPU = Release|Any CPU
	EndGlobalSection
	GlobalSection(ProjectConfigurationPlatforms) = postSolution
		{E459C267-CF70-4453-B41D-625BF5AFCE3F}.Debug|Any CPU.ActiveCfg = Debug|Any CPU
		{E459C267-CF70-4453-B41D-625BF5AFCE3F}.Debug|Any CPU.Build.0 = Debug|Any CPU
		{E459C267-CF70-4453-B41D-625BF5AFCE3F}.Release|Any CPU.ActiveCfg = Release|Any CPU
		{E459C267-CF70-4453-B41D-625BF5AFCE3F}.Release|Any CPU.Build.0 = Release|Any CPU
		{7FE43139-6733-453A-92CE-3AE849D7DC18}.Debug|Any CPU.ActiveCfg = Debug|Any CPU
		{7FE43139-6733-453A-92CE-3AE849D7DC18}.Debug|Any CPU.Build.0 = Debug|Any CPU
		{7FE43139-6733-453A-92CE-3AE849D7DC18}.Release|Any CPU.ActiveCfg = Release|Any CPU
		{7FE43139-6733-453A-92CE-3AE849D7DC18}.Release|Any CPU.Build.0 = Release|Any CPU
	EndGlobalSection
	GlobalSection(SolutionProperties) = preSolution
		HideSolutionNode = FALSE
	EndGlobalSection
	GlobalSection(ExtensibilityGlobals) = postSolution
		SolutionGuid = {1A83B0D6-2BE5-49FE-9E60-15708E978E6E}
	EndGlobalSection
EndGlobal
